
Microsoft Visual Studio Solution File, Format Version 12.00
# Visual Studio Version 16
VisualStudioVersion = 16.0.31613.86
MinimumVisualStudioVersion = 10.0.40219.1
Project("{FAE04EC0-301F-11D3-BF4B-00C04F79EFBC}") = "BankApp", "BankApp\BankApp.csproj", "{A11D5CB6-9E72-44CF-8AB2-5543888CAD62}"
EndProject
Global
	GlobalSection(SolutionConfigurationPlatforms) = preSolution
		Debug|Any CPU = Debug|Any CPU
		Release|Any CPU = Release|Any CPU
	EndGlobalSection
	GlobalSection(ProjectConfigurationPlatforms) = postSolution
		{A11D5CB6-9E72-44CF-8AB2-5543888CAD62}.Debug|Any CPU.ActiveCfg = Debug|Any CPU
		{A11D5CB6-9E72-44CF-8AB2-5543888CAD62}.Debug|Any CPU.Build.0 = Debug|Any CPU
		{A11D5CB6-9E72-44CF-8AB2-5543888CAD62}.Release|Any CPU.ActiveCfg = Release|Any CPU
		{A11D5CB6-9E72-44CF-8AB2-5543888CAD62}.Release|Any CPU.Build.0 = Release|Any CPU
	EndGlobalSection
	GlobalSection(SolutionProperties) = preSolution
		HideSolutionNode = FALSE
	EndGlobalSection
	GlobalSection(ExtensibilityGlobals) = postSolution
		SolutionGuid = {F1FBB51A-D224-4966-A397-F0E4CEAB1C5F}
	EndGlobalSection
EndGlobal
